// !$*UTF8*$!
{
	archiveVersion = 1;
	classes = {
	};
	objectVersion = 50;
	objects = {

/* Begin PBXBuildFile section */
		044F90C624348E5B00CF07E4 /* AppDelegate.swift in Sources */ = {isa = PBXBuildFile; fileRef = 044F90C524348E5B00CF07E4 /* AppDelegate.swift */; };
		044F90C824348E5B00CF07E4 /* SceneDelegate.swift in Sources */ = {isa = PBXBuildFile; fileRef = 044F90C724348E5B00CF07E4 /* SceneDelegate.swift */; };
		044F90CD24348E5B00CF07E4 /* Main.storyboard in Resources */ = {isa = PBXBuildFile; fileRef = 044F90CB24348E5B00CF07E4 /* Main.storyboard */; };
		044F90CF24348E5D00CF07E4 /* Assets.xcassets in Resources */ = {isa = PBXBuildFile; fileRef = 044F90CE24348E5D00CF07E4 /* Assets.xcassets */; };
		044F90D224348E5D00CF07E4 /* LaunchScreen.storyboard in Resources */ = {isa = PBXBuildFile; fileRef = 044F90D024348E5D00CF07E4 /* LaunchScreen.storyboard */; };
		04CD21A22435D21500BB4E7B /* ViewController.swift in Sources */ = {isa = PBXBuildFile; fileRef = 04CD21A12435D21500BB4E7B /* ViewController.swift */; };
		04CD21A42435D6CE00BB4E7B /* secondViewController.swift in Sources */ = {isa = PBXBuildFile; fileRef = 04CD21A32435D6CE00BB4E7B /* secondViewController.swift */; };
/* End PBXBuildFile section */

/* Begin PBXFileReference section */
		044F90C224348E5B00CF07E4 /* Stack DS.app */ = {isa = PBXFileReference; explicitFileType = wrapper.application; includeInIndex = 0; path = "Stack DS.app"; sourceTree = BUILT_PRODUCTS_DIR; };
		044F90C524348E5B00CF07E4 /* AppDelegate.swift */ = {isa = PBXFileReference; lastKnownFileType = sourcecode.swift; path = AppDelegate.swift; sourceTree = "<group>"; };
		044F90C724348E5B00CF07E4 /* SceneDelegate.swift */ = {isa = PBXFileReference; lastKnownFileType = sourcecode.swift; path = SceneDelegate.swift; sourceTree = "<group>"; };
		044F90CC24348E5B00CF07E4 /* Base */ = {isa = PBXFileReference; lastKnownFileType = file.storyboard; name = Base; path = Base.lproj/Main.storyboard; sourceTree = "<group>"; };
		044F90CE24348E5D00CF07E4 /* Assets.xcassets */ = {isa = PBXFileReference; lastKnownFileType = folder.assetcatalog; path = Assets.xcassets; sourceTree = "<group>"; };
		044F90D124348E5D00CF07E4 /* Base */ = {isa = PBXFileReference; lastKnownFileType = file.storyboard; name = Base; path = Base.lproj/LaunchScreen.storyboard; sourceTree = "<group>"; };
		044F90D324348E5D00CF07E4 /* Info.plist */ = {isa = PBXFileReference; lastKnownFileType = text.plist.xml; path = Info.plist; sourceTree = "<group>"; };
		04CD21A12435D21500BB4E7B /* ViewController.swift */ = {isa = PBXFileReference; lastKnownFileType = sourcecode.swift; path = ViewController.swift; sourceTree = "<group>"; };
		04CD21A32435D6CE00BB4E7B /* secondViewController.swift */ = {isa = PBXFileReference; lastKnownFileType = sourcecode.swift; path = secondViewController.swift; sourceTree = "<group>"; };
/* End PBXFileReference section */

/* Begin PBXFrameworksBuildPhase section */
		044F90BF24348E5B00CF07E4 /* Frameworks */ = {
			isa = PBXFrameworksBuildPhase;
			buildActionMask = 2147483647;
			files = (
			);
			runOnlyForDeploymentPostprocessing = 0;
		};
/* End PBXFrameworksBuildPhase section */

/* Begin PBXGroup section */
		044F90B924348E5B00CF07E4 = {
			isa = PBXGroup;
			children = (
				044F90C424348E5B00CF07E4 /* Stack DS */,
				044F90C324348E5B00CF07E4 /* Products */,
			);
			sourceTree = "<group>";
		};
		044F90C324348E5B00CF07E4 /* Products */ = {
			isa = PBXGroup;
			children = (
				044F90C224348E5B00CF07E4 /* Stack DS.app */,
			);
			name = Products;
			sourceTree = "<group>";
		};
		044F90C424348E5B00CF07E4 /* Stack DS */ = {
			isa = PBXGroup;
			children = (
				044F90C524348E5B00CF07E4 /* AppDelegate.swift */,
				044F90C724348E5B00CF07E4 /* SceneDelegate.swift */,
				044F90CB24348E5B00CF07E4 /* Main.storyboard */,
				04CD21A32435D6CE00BB4E7B /* secondViewController.swift */,
				04CD21A12435D21500BB4E7B /* ViewController.swift */,
				044F90CE24348E5D00CF07E4 /* Assets.xcassets */,
				044F90D024348E5D00CF07E4 /* LaunchScreen.storyboard */,
				044F90D324348E5D00CF07E4 /* Info.plist */,
			);
			path = "Stack DS";
			sourceTree = "<group>";
		};
/* End PBXGroup section */

/* Begin PBXNativeTarget section */
		044F90C124348E5B00CF07E4 /* Stack DS */ = {
			isa = PBXNativeTarget;
			buildConfigurationList = 044F90D624348E5D00CF07E4 /* Build configuration list for PBXNativeTarget "Stack DS" */;
			buildPhases = (
				044F90BE24348E5B00CF07E4 /* Sources */,
				044F90BF24348E5B00CF07E4 /* Frameworks */,
				044F90C024348E5B00CF07E4 /* Resources */,
			);
			buildRules = (
			);
			dependencies = (
			);
			name = "Stack DS";
			productName = "Stack DS";
			productReference = 044F90C224348E5B00CF07E4 /* Stack DS.app */;
			productType = "com.apple.product-type.application";
		};
/* End PBXNativeTarget section */

/* Begin PBXProject section */
		044F90BA24348E5B00CF07E4 /* Project object */ = {
			isa = PBXProject;
			attributes = {
				LastSwiftUpdateCheck = 1130;
				LastUpgradeCheck = 1130;
				ORGANIZATIONNAME = "Mohd Yasir";
				TargetAttributes = {
					044F90C124348E5B00CF07E4 = {
						CreatedOnToolsVersion = 11.3;
					};
				};
			};
			buildConfigurationList = 044F90BD24348E5B00CF07E4 /* Build configuration list for PBXProject "Stack DS" */;
			compatibilityVersion = "Xcode 9.3";
			developmentRegion = en;
			hasScannedForEncodings = 0;
			knownRegions = (
				en,
				Base,
			);
			mainGroup = 044F90B924348E5B00CF07E4;
			productRefGroup = 044F90C324348E5B00CF07E4 /* Products */;
			projectDirPath = "";
			projectRoot = "";
			targets = (
				044F90C124348E5B00CF07E4 /* Stack DS */,
			);
		};
/* End PBXProject section */

/* Begin PBXResourcesBuildPhase section */
		044F90C024348E5B00CF07E4 /* Resources */ = {
			isa = PBXResourcesBuildPhase;
			buildActionMask = 2147483647;
			files = (
				044F90D224348E5D00CF07E4 /* LaunchScreen.storyboard in Resources */,
				044F90CF24348E5D00CF07E4 /* Assets.xcassets in Resources */,
				044F90CD24348E5B00CF07E4 /* Main.storyboard in Resources */,
			);
			runOnlyForDeploymentPostprocessing = 0;
		};
/* End PBXResourcesBuildPhase section */

/* Begin PBXSourcesBuildPhase section */
		044F90BE24348E5B00CF07E4 /* Sources */ = {
			isa = PBXSourcesBuildPhase;
			buildActionMask = 2147483647;
			files = (
				04CD21A42435D6CE00BB4E7B /* secondViewController.swift in Sources */,
				04CD21A22435D21500BB4E7B /* ViewController.swift in Sources */,
				044F90C624348E5B00CF07E4 /* AppDelegate.swift in Sources */,
				044F90C824348E5B00CF07E4 /* SceneDelegate.swift in Sources */,
			);
			runOnlyForDeploymentPostprocessing = 0;
		};
/* End PBXSourcesBuildPhase section */

/* Begin PBXVariantGroup section */
		044F90CB24348E5B00CF07E4 /* Main.storyboard */ = {
			isa = PBXVariantGroup;
			children = (
				044F90CC24348E5B00CF07E4 /* Base */,
			);
			name = Main.storyboard;
			sourceTree = "<group>";
		};
		044F90D024348E5D00CF07E4 /* LaunchScreen.storyboard */ = {
			isa = PBXVariantGroup;
			children = (
				044F90D124348E5D00CF07E4 /* Base */,
			);
			name = LaunchScreen.storyboard;
			sourceTree = "<group>";
		};
/* End PBXVariantGroup section */

/* Begin XCBuildConfiguration section */
		044F90D424348E5D00CF07E4 /* Debug */ = {
			isa = XCBuildConfiguration;
			buildSettings = {
				ALWAYS_SEARCH_USER_PATHS = NO;
				CLANG_ANALYZER_NONNULL = YES;
				CLANG_ANALYZER_NUMBER_OBJECT_CONVERSION = YES_AGGRESSIVE;
				CLANG_CXX_LANGUAGE_STANDARD = "gnu++14";
				CLANG_CXX_LIBRARY = "libc++";
				CLANG_ENABLE_MODULES = YES;
				CLANG_ENABLE_OBJC_ARC = YES;
				CLANG_ENABLE_OBJC_WEAK = YES;
				CLANG_WARN_BLOCK_CAPTURE_AUTORELEASING = YES;
				CLANG_WARN_BOOL_CONVERSION = YES;
				CLANG_WARN_COMMA = YES;
				CLANG_WARN_CONSTANT_CONVERSION = YES;
				CLANG_WARN_DEPRECATED_OBJC_IMPLEMENTATIONS = YES;
				CLANG_WARN_DIRECT_OBJC_ISA_USAGE = YES_ERROR;
				CLANG_WARN_DOCUMENTATION_COMMENTS = YES;
				CLANG_WARN_EMPTY_BODY = YES;
				CLANG_WARN_ENUM_CONVERSION = YES;
				CLANG_WARN_INFINITE_RECURSION = YES;
				CLANG_WARN_INT_CONVERSION = YES;
				CLANG_WARN_NON_LITERAL_NULL_CONVERSION = YES;
				CLANG_WARN_OBJC_IMPLICIT_RETAIN_SELF = YES;
				CLANG_WARN_OBJC_LITERAL_CONVERSION = YES;
				CLANG_WARN_OBJC_ROOT_CLASS = YES_ERROR;
				CLANG_WARN_RANGE_LOOP_ANALYSIS = YES;
				CLANG_WARN_STRICT_PROTOTYPES = YES;
				CLANG_WARN_SUSPICIOUS_MOVE = YES;
				CLANG_WARN_UNGUARDED_AVAILABILITY = YES_AGGRESSIVE;
				CLANG_WARN_UNREACHABLE_CODE = YES;
				CLANG_WARN__DUPLICATE_METHOD_MATCH = YES;
				COPY_PHASE_STRIP = NO;
				DEBUG_INFORMATION_FORMAT = dwarf;
				ENABLE_STRICT_OBJC_MSGSEND = YES;
				ENABLE_TESTABILITY = YES;
				GCC_C_LANGUAGE_STANDARD = gnu11;
				GCC_DYNAMIC_NO_PIC = NO;
				GCC_NO_COMMON_BLOCKS = YES;
				GCC_OPTIMIZATION_LEVEL = 0;
				GCC_PREPROCESSOR_DEFINITIONS = (
					"DEBUG=1",
					"$(inherited)",
				);
				GCC_WARN_64_TO_32_BIT_CONVERSION = YES;
				GCC_WARN_ABOUT_RETURN_TYPE = YES_ERROR;
				GCC_WARN_UNDECLARED_SELECTOR = YES;
				GCC_WARN_UNINITIALIZED_AUTOS = YES_AGGRESSIVE;
				GCC_WARN_UNUSED_FUNCTION = YES;
				GCC_WARN_UNUSED_VARIABLE = YES;
				IPHONEOS_DEPLOYMENT_TARGET = 13.2;
				MTL_ENABLE_DEBUG_INFO = INCLUDE_SOURCE;
				MTL_FAST_MATH = YES;
				ONLY_ACTIVE_ARCH = YES;
				SDKROOT = iphoneos;
				SWIFT_ACTIVE_COMPILATION_CONDITIONS = DEBUG;
				SWIFT_OPTIMIZATION_LEVEL = "-Onone";
			};
			name = Debug;
		};
		044F90D524348E5D00CF07E4 /* Release */ = {
			isa = XCBuildConfiguration;
			buildSettings = {
				ALWAYS_SEARCH_USER_PATHS = NO;
				CLANG_ANALYZER_NONNULL = YES;
				CLANG_ANALYZER_NUMBER_OBJECT_CONVERSION = YES_AGGRESSIVE;
				CLANG_CXX_LANGUAGE_STANDARD = "gnu++14";
				CLANG_CXX_LIBRARY = "libc++";
				CLANG_ENABLE_MODULES = YES;
				CLANG_ENABLE_OBJC_ARC = YES;
				CLANG_ENABLE_OBJC_WEAK = YES;
				CLANG_WARN_BLOCK_CAPTURE_AUTORELEASING = YES;
				CLANG_WARN_BOOL_CONVERSION = YES;
				CLANG_WARN_COMMA = YES;
				CLANG_WARN_CONSTANT_CONVERSION = YES;
				CLANG_WARN_DEPRECATED_OBJC_IMPLEMENTATIONS = YES;
				CLANG_WARN_DIRECT_OBJC_ISA_USAGE = YES_ERROR;
				CLANG_WARN_DOCUMENTATION_COMMENTS = YES;
				CLANG_WARN_EMPTY_BODY = YES;
				CLANG_WARN_ENUM_CONVERSION = YES;
				CLANG_WARN_INFINITE_RECURSION = YES;
				CLANG_WARN_INT_CONVERSION = YES;
				CLANG_WARN_NON_LITERAL_NULL_CONVERSION = YES;
				CLANG_WARN_OBJC_IMPLICIT_RETAIN_SELF = YES;
				CLANG_WARN_OBJC_LITERAL_CONVERSION = YES;
				CLANG_WARN_OBJC_ROOT_CLASS = YES_ERROR;
				CLANG_WARN_RANGE_LOOP_ANALYSIS = YES;
				CLANG_WARN_STRICT_PROTOTYPES = YES;
				CLANG_WARN_SUSPICIOUS_MOVE = YES;
				CLANG_WARN_UNGUARDED_AVAILABILITY = YES_AGGRESSIVE;
				CLANG_WARN_UNREACHABLE_CODE = YES;
				CLANG_WARN__DUPLICATE_METHOD_MATCH = YES;
				COPY_PHASE_STRIP = NO;
				DEBUG_INFORMATION_FORMAT = "dwarf-with-dsym";
				ENABLE_NS_ASSERTIONS = NO;
				ENABLE_STRICT_OBJC_MSGSEND = YES;
				GCC_C_LANGUAGE_STANDARD = gnu11;
				GCC_NO_COMMON_BLOCKS = YES;
				GCC_WARN_64_TO_32_BIT_CONVERSION = YES;
				GCC_WARN_ABOUT_RETURN_TYPE = YES_ERROR;
				GCC_WARN_UNDECLARED_SELECTOR = YES;
				GCC_WARN_UNINITIALIZED_AUTOS = YES_AGGRESSIVE;
				GCC_WARN_UNUSED_FUNCTION = YES;
				GCC_WARN_UNUSED_VARIABLE = YES;
				IPHONEOS_DEPLOYMENT_TARGET = 13.2;
				MTL_ENABLE_DEBUG_INFO = NO;
				MTL_FAST_MATH = YES;
				SDKROOT = iphoneos;
				SWIFT_COMPILATION_MODE = wholemodule;
				SWIFT_OPTIMIZATION_LEVEL = "-O";
				VALIDATE_PRODUCT = YES;
			};
			name = Release;
		};
		044F90D724348E5D00CF07E4 /* Debug */ = {
			isa = XCBuildConfiguration;
			buildSettings = {
				ASSETCATALOG_COMPILER_APPICON_NAME = AppIcon;
				CODE_SIGN_STYLE = Automatic;
				INFOPLIST_FILE = "Stack DS/Info.plist";
				LD_RUNPATH_SEARCH_PATHS = (
					"$(inherited)",
					"@executable_path/Frameworks",
				);
				PRODUCT_BUNDLE_IDENTIFIER = "com.SwfitUI.Stack-DS";
				PRODUCT_NAME = "$(TARGET_NAME)";
				SWIFT_VERSION = 5.0;
				TARGETED_DEVICE_FAMILY = 1;
			};
			name = Debug;
		};
		044F90D824348E5D00CF07E4 /* Release */ = {
			isa = XCBuildConfiguration;
			buildSettings = {
				ASSETCATALOG_COMPILER_APPICON_NAME = AppIcon;
				CODE_SIGN_STYLE = Automatic;
				INFOPLIST_FILE = "Stack DS/Info.plist";
				LD_RUNPATH_SEARCH_PATHS = (
					"$(inherited)",
					"@executable_path/Frameworks",
				);
				PRODUCT_BUNDLE_IDENTIFIER = "com.SwfitUI.Stack-DS";
				PRODUCT_NAME = "$(TARGET_NAME)";
				SWIFT_VERSION = 5.0;
				TARGETED_DEVICE_FAMILY = 1;
			};
			name = Release;
		};
/* End XCBuildConfiguration section */

/* Begin XCConfigurationList section */
		044F90BD24348E5B00CF07E4 /* Build configuration list for PBXProject "Stack DS" */ = {
			isa = XCConfigurationList;
			buildConfigurations = (
				044F90D424348E5D00CF07E4 /* Debug */,
				044F90D524348E5D00CF07E4 /* Release */,
			);
			defaultConfigurationIsVisible = 0;
			defaultConfigurationName = Release;
		};
		044F90D624348E5D00CF07E4 /* Build configuration list for PBXNativeTarget "Stack DS" */ = {
			isa = XCConfigurationList;
			buildConfigurations = (
				044F90D724348E5D00CF07E4 /* Debug */,
				044F90D824348E5D00CF07E4 /* Release */,
			);
			defaultConfigurationIsVisible = 0;
			defaultConfigurationName = Release;
		};
/* End XCConfigurationList section */
	};
	rootObject = 044F90BA24348E5B00CF07E4 /* Project object */;
}
